<?xml version="1.0" encoding="utf-8"?>
<Project ToolsVersion="4.0" xmlns="http://schemas.microsoft.com/developer/msbuild/2003">
  <ItemGroup>
    <Filter Include="Source Files">
      <UniqueIdentifier>{4FC737F1-C7A5-4376-A066-2A32D752A2FF}</UniqueIdentifier>
      <Extensions>cpp;c;cc;cxx;def;odl;idl;hpj;bat;asm;asmx</Extensions>
    </Filter>
    <Filter Include="Header Files">
      <UniqueIdentifier>{93995380-89BD-4b04-88EB-625FBE52EBFB}</UniqueIdentifier>
      <Extensions>h;hh;hpp;hxx;hm;inl;inc;ipp;xsd</Extensions>
    </Filter>
    <Filter Include="Resource Files">
      <UniqueIdentifier>{67DA6AB6-F800-4c08-8B7A-83BB121AAD01}</UniqueIdentifier>
      <Extensions>rc;ico;cur;bmp;dlg;rc2;rct;bin;rgs;gif;jpg;jpeg;jpe;resx;tiff;tif;png;wav;mfcribbon-ms</Extensions>
    </Filter>
    <Filter Include="Header Files\Interfaces">
      <UniqueIdentifier>{18d0e04b-86e1-43ec-a658-0d425b699ebd}</UniqueIdentifier>
    </Filter>
    <Filter Include="Header Files\Data">
      <UniqueIdentifier>{cab24185-32da-4c38-90fe-fae2eeca877c}</UniqueIdentifier>
    </Filter>
  </ItemGroup>
  <ItemGroup>
    <ClInclude Include="source\WorldGrid.h">
      <Filter>Header Files</Filter>
    </ClInclude>
    <ClInclude Include="source\Debug.h">
      <Filter>Header Files</Filter>
    </ClInclude>
    <ClInclude Include="source\Data\flPoint.h">
      <Filter>Header Files\Data</Filter>
    </ClInclude>
    <ClInclude Include="source\Data\flVec2.h">
      <Filter>Header Files\Data</Filter>
    </ClInclude>
    <ClInclude Include="source\Data\ValRGBA.h">
      <Filter>Header Files\Data</Filter>
    </ClInclude>
    <ClInclude Include="source\InputDelegate.h">
      <Filter>Header Files</Filter>
    </ClInclude>
    <ClInclude Include="source\InputCore.h">
      <Filter>Header Files</Filter>
    </ClInclude>
    <ClInclude Include="source\Interfaces\InputCoreIF.h">
      <Filter>Header Files\Interfaces</Filter>
    </ClInclude>
    <ClInclude Include="source\RenderCore.h">
      <Filter>Header Files</Filter>
    </ClInclude>
    <ClInclude Include="source\GameData.h">
      <Filter>Header Files</Filter>
    </ClInclude>
    <ClInclude Include="source\interfaces\RenderCoreIF.h">
      <Filter>Header Files\Interfaces</Filter>
    </ClInclude>
  </ItemGroup>
  <ItemGroup>
    <ClCompile Include="main.cpp">
      <Filter>Source Files</Filter>
    </ClCompile>
    <ClCompile Include="source\WorldGrid.cpp">
      <Filter>Source Files</Filter>
    </ClCompile>
    <ClCompile Include="source\Debug.cpp">
      <Filter>Source Files</Filter>
    </ClCompile>
    <ClCompile Include="source\InputCore.cpp">
      <Filter>Source Files</Filter>
    </ClCompile>
    <ClCompile Include="source\InputDelegate.cpp">
      <Filter>Source Files</Filter>
    </ClCompile>
    <ClCompile Include="source\RenderCore.cpp">
      <Filter>Source Files</Filter>
    </ClCompile>
    <ClCompile Include="source\GameData.cpp">
      <Filter>Source Files</Filter>
    </ClCompile>
  </ItemGroup>
</Project>